
Microsoft Visual Studio Solution File, Format Version 12.00
# Visual Studio Version 17
VisualStudioVersion = 17.14.36623.8 d17.14
MinimumVisualStudioVersion = 10.0.40219.1
Project("{FAE04EC0-301F-11D3-BF4B-00C04F79EFBC}") = "TravelTripProject", "TravelTripProject\TravelTripProject.csproj", "{619585EB-6C47-4204-9C84-AE430B6D2BE8}"
EndProject
Global
	GlobalSection(SolutionConfigurationPlatforms) = preSolution
		Debug|Any CPU = Debug|Any CPU
		Release|Any CPU = Release|Any CPU
	EndGlobalSection
	GlobalSection(ProjectConfigurationPlatforms) = postSolution
		{619585EB-6C47-4204-9C84-AE430B6D2BE8}.Debug|Any CPU.ActiveCfg = Debug|Any CPU
		{619585EB-6C47-4204-9C84-AE430B6D2BE8}.Debug|Any CPU.Build.0 = Debug|Any CPU
		{619585EB-6C47-4204-9C84-AE430B6D2BE8}.Release|Any CPU.ActiveCfg = Release|Any CPU
		{619585EB-6C47-4204-9C84-AE430B6D2BE8}.Release|Any CPU.Build.0 = Release|Any CPU
	EndGlobalSection
	GlobalSection(SolutionProperties) = preSolution
		HideSolutionNode = FALSE
	EndGlobalSection
	GlobalSection(ExtensibilityGlobals) = postSolution
		SolutionGuid = {5A0DBA48-EFBE-417C-95B5-7295FE0EFB04}
	EndGlobalSection
EndGlobal
